
Microsoft Visual Studio Solution File, Format Version 12.00
# Visual Studio Version 17
VisualStudioVersion = 17.7.34018.315
MinimumVisualStudioVersion = 10.0.40219.1
Project("{FAE04EC0-301F-11D3-BF4B-00C04F79EFBC}") = "DAL", "DAL\DAL.csproj", "{008AE4F7-35E9-4D65-9746-4D360541E284}"
EndProject
Project("{FAE04EC0-301F-11D3-BF4B-00C04F79EFBC}") = "Models", "Models\Models.csproj", "{E88DE7EC-7E82-4F99-9FB8-BC3A14891F02}"
EndProject
Project("{FAE04EC0-301F-11D3-BF4B-00C04F79EFBC}") = "WebForm", "web\WebForm.csproj", "{7F5B4C58-5049-41A4-B02B-8CD837ED45C9}"
EndProject
Project("{9A19103F-16F7-4668-BE54-9A1E7A4F7556}") = "TestProject1", "TestProject1\TestProject1.csproj", "{E1DCE39D-50B4-4C1C-A753-9B05BA047284}"
EndProject
Global
	GlobalSection(SolutionConfigurationPlatforms) = preSolution
		Debug|Any CPU = Debug|Any CPU
		Debug|ARM = Debug|ARM
		Debug|ARM64 = Debug|ARM64
		Debug|x64 = Debug|x64
		Debug|x86 = Debug|x86
		Release|Any CPU = Release|Any CPU
		Release|ARM = Release|ARM
		Release|ARM64 = Release|ARM64
		Release|x64 = Release|x64
		Release|x86 = Release|x86
	EndGlobalSection
	GlobalSection(ProjectConfigurationPlatforms) = postSolution
		{008AE4F7-35E9-4D65-9746-4D360541E284}.Debug|Any CPU.ActiveCfg = Debug|Any CPU
		{008AE4F7-35E9-4D65-9746-4D360541E284}.Debug|Any CPU.Build.0 = Debug|Any CPU
		{008AE4F7-35E9-4D65-9746-4D360541E284}.Debug|ARM.ActiveCfg = Debug|Any CPU
		{008AE4F7-35E9-4D65-9746-4D360541E284}.Debug|ARM.Build.0 = Debug|Any CPU
		{008AE4F7-35E9-4D65-9746-4D360541E284}.Debug|ARM64.ActiveCfg = Debug|Any CPU
		{008AE4F7-35E9-4D65-9746-4D360541E284}.Debug|ARM64.Build.0 = Debug|Any CPU
		{008AE4F7-35E9-4D65-9746-4D360541E284}.Debug|x64.ActiveCfg = Debug|Any CPU
		{008AE4F7-35E9-4D65-9746-4D360541E284}.Debug|x64.Build.0 = Debug|Any CPU
		{008AE4F7-35E9-4D65-9746-4D360541E284}.Debug|x86.ActiveCfg = Debug|Any CPU
		{008AE4F7-35E9-4D65-9746-4D360541E284}.Debug|x86.Build.0 = Debug|Any CPU
		{008AE4F7-35E9-4D65-9746-4D360541E284}.Release|Any CPU.ActiveCfg = Release|Any CPU
		{008AE4F7-35E9-4D65-9746-4D360541E284}.Release|Any CPU.Build.0 = Release|Any CPU
		{008AE4F7-35E9-4D65-9746-4D360541E284}.Release|ARM.ActiveCfg = Release|Any CPU
		{008AE4F7-35E9-4D65-9746-4D360541E284}.Release|ARM.Build.0 = Release|Any CPU
		{008AE4F7-35E9-4D65-9746-4D360541E284}.Release|ARM64.ActiveCfg = Release|Any CPU
		{008AE4F7-35E9-4D65-9746-4D360541E284}.Release|ARM64.Build.0 = Release|Any CPU
		{008AE4F7-35E9-4D65-9746-4D360541E284}.Release|x64.ActiveCfg = Release|Any CPU
		{008AE4F7-35E9-4D65-9746-4D360541E284}.Release|x64.Build.0 = Release|Any CPU
		{008AE4F7-35E9-4D65-9746-4D360541E284}.Release|x86.ActiveCfg = Release|Any CPU
		{008AE4F7-35E9-4D65-9746-4D360541E284}.Release|x86.Build.0 = Release|Any CPU
		{E88DE7EC-7E82-4F99-9FB8-BC3A14891F02}.Debug|Any CPU.ActiveCfg = Debug|Any CPU
		{E88DE7EC-7E82-4F99-9FB8-BC3A14891F02}.Debug|Any CPU.Build.0 = Debug|Any CPU
		{E88DE7EC-7E82-4F99-9FB8-BC3A14891F02}.Debug|ARM.ActiveCfg = Debug|Any CPU
		{E88DE7EC-7E82-4F99-9FB8-BC3A14891F02}.Debug|ARM.Build.0 = Debug|Any CPU
		{E88DE7EC-7E82-4F99-9FB8-BC3A14891F02}.Debug|ARM64.ActiveCfg = Debug|Any CPU
		{E88DE7EC-7E82-4F99-9FB8-BC3A14891F02}.Debug|ARM64.Build.0 = Debug|Any CPU
		{E88DE7EC-7E82-4F99-9FB8-BC3A14891F02}.Debug|x64.ActiveCfg = Debug|Any CPU
		{E88DE7EC-7E82-4F99-9FB8-BC3A14891F02}.Debug|x64.Build.0 = Debug|Any CPU
		{E88DE7EC-7E82-4F99-9FB8-BC3A14891F02}.Debug|x86.ActiveCfg = Debug|Any CPU
		{E88DE7EC-7E82-4F99-9FB8-BC3A14891F02}.Debug|x86.Build.0 = Debug|Any CPU
		{E88DE7EC-7E82-4F99-9FB8-BC3A14891F02}.Release|Any CPU.ActiveCfg = Release|Any CPU
		{E88DE7EC-7E82-4F99-9FB8-BC3A14891F02}.Release|Any CPU.Build.0 = Release|Any CPU
		{E88DE7EC-7E82-4F99-9FB8-BC3A14891F02}.Release|ARM.ActiveCfg = Release|Any CPU
		{E88DE7EC-7E82-4F99-9FB8-BC3A14891F02}.Release|ARM.Build.0 = Release|Any CPU
		{E88DE7EC-7E82-4F99-9FB8-BC3A14891F02}.Release|ARM64.ActiveCfg = Release|Any CPU
		{E88DE7EC-7E82-4F99-9FB8-BC3A14891F02}.Release|ARM64.Build.0 = Release|Any CPU
		{E88DE7EC-7E82-4F99-9FB8-BC3A14891F02}.Release|x64.ActiveCfg = Release|Any CPU
		{E88DE7EC-7E82-4F99-9FB8-BC3A14891F02}.Release|x64.Build.0 = Release|Any CPU
		{E88DE7EC-7E82-4F99-9FB8-BC3A14891F02}.Release|x86.ActiveCfg = Release|Any CPU
		{E88DE7EC-7E82-4F99-9FB8-BC3A14891F02}.Release|x86.Build.0 = Release|Any CPU
		{7F5B4C58-5049-41A4-B02B-8CD837ED45C9}.Debug|Any CPU.ActiveCfg = Debug|Any CPU
		{7F5B4C58-5049-41A4-B02B-8CD837ED45C9}.Debug|Any CPU.Build.0 = Debug|Any CPU
		{7F5B4C58-5049-41A4-B02B-8CD837ED45C9}.Debug|ARM.ActiveCfg = Debug|Any CPU
		{7F5B4C58-5049-41A4-B02B-8CD837ED45C9}.Debug|ARM.Build.0 = Debug|Any CPU
		{7F5B4C58-5049-41A4-B02B-8CD837ED45C9}.Debug|ARM64.ActiveCfg = Debug|Any CPU
		{7F5B4C58-5049-41A4-B02B-8CD837ED45C9}.Debug|ARM64.Build.0 = Debug|Any CPU
		{7F5B4C58-5049-41A4-B02B-8CD837ED45C9}.Debug|x64.ActiveCfg = Debug|Any CPU
		{7F5B4C58-5049-41A4-B02B-8CD837ED45C9}.Debug|x64.Build.0 = Debug|Any CPU
		{7F5B4C58-5049-41A4-B02B-8CD837ED45C9}.Debug|x86.ActiveCfg = Debug|Any CPU
		{7F5B4C58-5049-41A4-B02B-8CD837ED45C9}.Debug|x86.Build.0 = Debug|Any CPU
		{7F5B4C58-5049-41A4-B02B-8CD837ED45C9}.Release|Any CPU.ActiveCfg = Release|Any CPU
		{7F5B4C58-5049-41A4-B02B-8CD837ED45C9}.Release|Any CPU.Build.0 = Release|Any CPU
		{7F5B4C58-5049-41A4-B02B-8CD837ED45C9}.Release|ARM.ActiveCfg = Release|Any CPU
		{7F5B4C58-5049-41A4-B02B-8CD837ED45C9}.Release|ARM.Build.0 = Release|Any CPU
		{7F5B4C58-5049-41A4-B02B-8CD837ED45C9}.Release|ARM64.ActiveCfg = Release|Any CPU
		{7F5B4C58-5049-41A4-B02B-8CD837ED45C9}.Release|ARM64.Build.0 = Release|Any CPU
		{7F5B4C58-5049-41A4-B02B-8CD837ED45C9}.Release|x64.ActiveCfg = Release|Any CPU
		{7F5B4C58-5049-41A4-B02B-8CD837ED45C9}.Release|x64.Build.0 = Release|Any CPU
		{7F5B4C58-5049-41A4-B02B-8CD837ED45C9}.Release|x86.ActiveCfg = Release|Any CPU
		{7F5B4C58-5049-41A4-B02B-8CD837ED45C9}.Release|x86.Build.0 = Release|Any CPU
		{E1DCE39D-50B4-4C1C-A753-9B05BA047284}.Debug|Any CPU.ActiveCfg = Debug|Any CPU
		{E1DCE39D-50B4-4C1C-A753-9B05BA047284}.Debug|Any CPU.Build.0 = Debug|Any CPU
		{E1DCE39D-50B4-4C1C-A753-9B05BA047284}.Debug|ARM.ActiveCfg = Debug|Any CPU
		{E1DCE39D-50B4-4C1C-A753-9B05BA047284}.Debug|ARM.Build.0 = Debug|Any CPU
		{E1DCE39D-50B4-4C1C-A753-9B05BA047284}.Debug|ARM64.ActiveCfg = Debug|Any CPU
		{E1DCE39D-50B4-4C1C-A753-9B05BA047284}.Debug|ARM64.Build.0 = Debug|Any CPU
		{E1DCE39D-50B4-4C1C-A753-9B05BA047284}.Debug|x64.ActiveCfg = Debug|Any CPU
		{E1DCE39D-50B4-4C1C-A753-9B05BA047284}.Debug|x64.Build.0 = Debug|Any CPU
		{E1DCE39D-50B4-4C1C-A753-9B05BA047284}.Debug|x86.ActiveCfg = Debug|Any CPU
		{E1DCE39D-50B4-4C1C-A753-9B05BA047284}.Debug|x86.Build.0 = Debug|Any CPU
		{E1DCE39D-50B4-4C1C-A753-9B05BA047284}.Release|Any CPU.ActiveCfg = Release|Any CPU
		{E1DCE39D-50B4-4C1C-A753-9B05BA047284}.Release|Any CPU.Build.0 = Release|Any CPU
		{E1DCE39D-50B4-4C1C-A753-9B05BA047284}.Release|ARM.ActiveCfg = Release|Any CPU
		{E1DCE39D-50B4-4C1C-A753-9B05BA047284}.Release|ARM.Build.0 = Release|Any CPU
		{E1DCE39D-50B4-4C1C-A753-9B05BA047284}.Release|ARM64.ActiveCfg = Release|Any CPU
		{E1DCE39D-50B4-4C1C-A753-9B05BA047284}.Release|ARM64.Build.0 = Release|Any CPU
		{E1DCE39D-50B4-4C1C-A753-9B05BA047284}.Release|x64.ActiveCfg = Release|Any CPU
		{E1DCE39D-50B4-4C1C-A753-9B05BA047284}.Release|x64.Build.0 = Release|Any CPU
		{E1DCE39D-50B4-4C1C-A753-9B05BA047284}.Release|x86.ActiveCfg = Release|Any CPU
		{E1DCE39D-50B4-4C1C-A753-9B05BA047284}.Release|x86.Build.0 = Release|Any CPU
	EndGlobalSection
	GlobalSection(SolutionProperties) = preSolution
		HideSolutionNode = FALSE
	EndGlobalSection
	GlobalSection(ExtensibilityGlobals) = postSolution
		SolutionGuid = {1898BF88-E85B-4FEC-A625-7903D16FB162}
	EndGlobalSection
EndGlobal
